
Microsoft Visual Studio Solution File, Format Version 12.00
# Visual Studio Version 17
VisualStudioVersion = 17.6.33815.320
MinimumVisualStudioVersion = 10.0.40219.1
Project("{FAE04EC0-301F-11D3-BF4B-00C04F79EFBC}") = "CollectionsvsGenericcollectionsApp", "CollectionsvsGenericcollectionsApp\CollectionsvsGenericcollectionsApp.csproj", "{35624819-E8EA-403C-B3AB-EB2426DE06B6}"
EndProject
Global
	GlobalSection(SolutionConfigurationPlatforms) = preSolution
		Debug|Any CPU = Debug|Any CPU
		Release|Any CPU = Release|Any CPU
	EndGlobalSection
	GlobalSection(ProjectConfigurationPlatforms) = postSolution
		{35624819-E8EA-403C-B3AB-EB2426DE06B6}.Debug|Any CPU.ActiveCfg = Debug|Any CPU
		{35624819-E8EA-403C-B3AB-EB2426DE06B6}.Debug|Any CPU.Build.0 = Debug|Any CPU
		{35624819-E8EA-403C-B3AB-EB2426DE06B6}.Release|Any CPU.ActiveCfg = Release|Any CPU
		{35624819-E8EA-403C-B3AB-EB2426DE06B6}.Release|Any CPU.Build.0 = Release|Any CPU
	EndGlobalSection
	GlobalSection(SolutionProperties) = preSolution
		HideSolutionNode = FALSE
	EndGlobalSection
	GlobalSection(ExtensibilityGlobals) = postSolution
		SolutionGuid = {F76C6F5E-21E5-4523-83BE-8D37CC2BDF9C}
	EndGlobalSection
EndGlobal
